
Microsoft Visual Studio Solution File, Format Version 12.00
# Visual Studio Version 17
VisualStudioVersion = 17.0.31903.59
MinimumVisualStudioVersion = 10.0.40219.1
Project("{FAE04EC0-301F-11D3-BF4B-00C04F79EFBC}") = "Domain", "Domain\Domain.csproj", "{DD673ED4-47BB-4137-837F-FF2B646E151D}"
EndProject
Project("{FAE04EC0-301F-11D3-BF4B-00C04F79EFBC}") = "Infrastructure", "Infrastructure\Infrastructure.csproj", "{CE1537B6-F3A7-4096-BE1E-722A1B4DA320}"
EndProject
Project("{FAE04EC0-301F-11D3-BF4B-00C04F79EFBC}") = "WebApi", "WebApi\WebApi.csproj", "{0AED473C-E504-49FD-A94C-2E5C56AC057F}"
EndProject
Global
	GlobalSection(SolutionConfigurationPlatforms) = preSolution
		Debug|Any CPU = Debug|Any CPU
		Release|Any CPU = Release|Any CPU
	EndGlobalSection
	GlobalSection(SolutionProperties) = preSolution
		HideSolutionNode = FALSE
	EndGlobalSection
	GlobalSection(ProjectConfigurationPlatforms) = postSolution
		{DD673ED4-47BB-4137-837F-FF2B646E151D}.Debug|Any CPU.ActiveCfg = Debug|Any CPU
		{DD673ED4-47BB-4137-837F-FF2B646E151D}.Debug|Any CPU.Build.0 = Debug|Any CPU
		{DD673ED4-47BB-4137-837F-FF2B646E151D}.Release|Any CPU.ActiveCfg = Release|Any CPU
		{DD673ED4-47BB-4137-837F-FF2B646E151D}.Release|Any CPU.Build.0 = Release|Any CPU
		{CE1537B6-F3A7-4096-BE1E-722A1B4DA320}.Debug|Any CPU.ActiveCfg = Debug|Any CPU
		{CE1537B6-F3A7-4096-BE1E-722A1B4DA320}.Debug|Any CPU.Build.0 = Debug|Any CPU
		{CE1537B6-F3A7-4096-BE1E-722A1B4DA320}.Release|Any CPU.ActiveCfg = Release|Any CPU
		{CE1537B6-F3A7-4096-BE1E-722A1B4DA320}.Release|Any CPU.Build.0 = Release|Any CPU
		{0AED473C-E504-49FD-A94C-2E5C56AC057F}.Debug|Any CPU.ActiveCfg = Debug|Any CPU
		{0AED473C-E504-49FD-A94C-2E5C56AC057F}.Debug|Any CPU.Build.0 = Debug|Any CPU
		{0AED473C-E504-49FD-A94C-2E5C56AC057F}.Release|Any CPU.ActiveCfg = Release|Any CPU
		{0AED473C-E504-49FD-A94C-2E5C56AC057F}.Release|Any CPU.Build.0 = Release|Any CPU
	EndGlobalSection
EndGlobal
